
Microsoft Visual Studio Solution File, Format Version 12.00
# Visual Studio 15
VisualStudioVersion = 15.0.28307.329
MinimumVisualStudioVersion = 10.0.40219.1
Project("{FAE04EC0-301F-11D3-BF4B-00C04F79EFBC}") = "ToolModXdGui", "ToolModXD\ToolModXdGui.csproj", "{7CEADBDA-CC1E-42B9-A08F-DC918860B546}"
EndProject
Project("{FAE04EC0-301F-11D3-BF4B-00C04F79EFBC}") = "ToolModXdLib", "ToolModXdLib\ToolModXdLib.csproj", "{E14FA0A8-91A6-4EAC-9338-40CD42A4F1D3}"
EndProject
Project("{FAE04EC0-301F-11D3-BF4B-00C04F79EFBC}") = "ExcluderLib", "ExcluderLib\ExcluderLib.csproj", "{B9732B4C-9713-44F2-BED5-EE3A5C40B262}"
EndProject
Project("{FAE04EC0-301F-11D3-BF4B-00C04F79EFBC}") = "ConsoleApp1", "ConsoleApp1\ConsoleApp1.csproj", "{C6C20D41-BBEC-4722-810E-A12B4BFAA823}"
EndProject
Global
	GlobalSection(SolutionConfigurationPlatforms) = preSolution
		Debug|Any CPU = Debug|Any CPU
		Release|Any CPU = Release|Any CPU
	EndGlobalSection
	GlobalSection(ProjectConfigurationPlatforms) = postSolution
		{7CEADBDA-CC1E-42B9-A08F-DC918860B546}.Debug|Any CPU.ActiveCfg = Debug|Any CPU
		{7CEADBDA-CC1E-42B9-A08F-DC918860B546}.Debug|Any CPU.Build.0 = Debug|Any CPU
		{7CEADBDA-CC1E-42B9-A08F-DC918860B546}.Release|Any CPU.ActiveCfg = Release|Any CPU
		{7CEADBDA-CC1E-42B9-A08F-DC918860B546}.Release|Any CPU.Build.0 = Release|Any CPU
		{E14FA0A8-91A6-4EAC-9338-40CD42A4F1D3}.Debug|Any CPU.ActiveCfg = Debug|Any CPU
		{E14FA0A8-91A6-4EAC-9338-40CD42A4F1D3}.Debug|Any CPU.Build.0 = Debug|Any CPU
		{E14FA0A8-91A6-4EAC-9338-40CD42A4F1D3}.Release|Any CPU.ActiveCfg = Release|Any CPU
		{E14FA0A8-91A6-4EAC-9338-40CD42A4F1D3}.Release|Any CPU.Build.0 = Release|Any CPU
		{B9732B4C-9713-44F2-BED5-EE3A5C40B262}.Debug|Any CPU.ActiveCfg = Debug|Any CPU
		{B9732B4C-9713-44F2-BED5-EE3A5C40B262}.Debug|Any CPU.Build.0 = Debug|Any CPU
		{B9732B4C-9713-44F2-BED5-EE3A5C40B262}.Release|Any CPU.ActiveCfg = Release|Any CPU
		{B9732B4C-9713-44F2-BED5-EE3A5C40B262}.Release|Any CPU.Build.0 = Release|Any CPU
		{C6C20D41-BBEC-4722-810E-A12B4BFAA823}.Debug|Any CPU.ActiveCfg = Debug|Any CPU
		{C6C20D41-BBEC-4722-810E-A12B4BFAA823}.Debug|Any CPU.Build.0 = Debug|Any CPU
		{C6C20D41-BBEC-4722-810E-A12B4BFAA823}.Release|Any CPU.ActiveCfg = Release|Any CPU
		{C6C20D41-BBEC-4722-810E-A12B4BFAA823}.Release|Any CPU.Build.0 = Release|Any CPU
	EndGlobalSection
	GlobalSection(SolutionProperties) = preSolution
		HideSolutionNode = FALSE
	EndGlobalSection
	GlobalSection(ExtensibilityGlobals) = postSolution
		SolutionGuid = {24753DAC-761D-4FAF-A10C-99929087E3A0}
	EndGlobalSection
EndGlobal
